
Microsoft Visual Studio Solution File, Format Version 12.00
# Visual Studio Version 17
VisualStudioVersion = 17.2.32616.157
MinimumVisualStudioVersion = 10.0.40219.1
Project("{8BC9CEB8-8B4A-11D0-8D11-00A0C91BC942}") = "Dlls", "Dlls\Dlls.vcxproj", "{3926381E-441B-48F3-84C1-DE019911D0D5}"
EndProject
Project("{FAE04EC0-301F-11D3-BF4B-00C04F79EFBC}") = "ConsoleApp1", "ConsoleApp1\ConsoleApp1.csproj", "{A63E00FF-AE34-43DA-A904-A9B49D21FFBF}"
EndProject
Global
	GlobalSection(SolutionConfigurationPlatforms) = preSolution
		Debug|Any CPU = Debug|Any CPU
		Debug|x64 = Debug|x64
		Debug|x86 = Debug|x86
		Release|Any CPU = Release|Any CPU
		Release|x64 = Release|x64
		Release|x86 = Release|x86
	EndGlobalSection
	GlobalSection(ProjectConfigurationPlatforms) = postSolution
		{3926381E-441B-48F3-84C1-DE019911D0D5}.Debug|Any CPU.ActiveCfg = Debug|x64
		{3926381E-441B-48F3-84C1-DE019911D0D5}.Debug|Any CPU.Build.0 = Debug|x64
		{3926381E-441B-48F3-84C1-DE019911D0D5}.Debug|x64.ActiveCfg = Debug|x64
		{3926381E-441B-48F3-84C1-DE019911D0D5}.Debug|x64.Build.0 = Debug|x64
		{3926381E-441B-48F3-84C1-DE019911D0D5}.Debug|x86.ActiveCfg = Debug|Win32
		{3926381E-441B-48F3-84C1-DE019911D0D5}.Debug|x86.Build.0 = Debug|Win32
		{3926381E-441B-48F3-84C1-DE019911D0D5}.Release|Any CPU.ActiveCfg = Release|x64
		{3926381E-441B-48F3-84C1-DE019911D0D5}.Release|Any CPU.Build.0 = Release|x64
		{3926381E-441B-48F3-84C1-DE019911D0D5}.Release|x64.ActiveCfg = Release|x64
		{3926381E-441B-48F3-84C1-DE019911D0D5}.Release|x64.Build.0 = Release|x64
		{3926381E-441B-48F3-84C1-DE019911D0D5}.Release|x86.ActiveCfg = Release|Win32
		{3926381E-441B-48F3-84C1-DE019911D0D5}.Release|x86.Build.0 = Release|Win32
		{A63E00FF-AE34-43DA-A904-A9B49D21FFBF}.Debug|Any CPU.ActiveCfg = Debug|Any CPU
		{A63E00FF-AE34-43DA-A904-A9B49D21FFBF}.Debug|Any CPU.Build.0 = Debug|Any CPU
		{A63E00FF-AE34-43DA-A904-A9B49D21FFBF}.Debug|x64.ActiveCfg = Debug|Any CPU
		{A63E00FF-AE34-43DA-A904-A9B49D21FFBF}.Debug|x64.Build.0 = Debug|Any CPU
		{A63E00FF-AE34-43DA-A904-A9B49D21FFBF}.Debug|x86.ActiveCfg = Debug|Any CPU
		{A63E00FF-AE34-43DA-A904-A9B49D21FFBF}.Debug|x86.Build.0 = Debug|Any CPU
		{A63E00FF-AE34-43DA-A904-A9B49D21FFBF}.Release|Any CPU.ActiveCfg = Release|Any CPU
		{A63E00FF-AE34-43DA-A904-A9B49D21FFBF}.Release|Any CPU.Build.0 = Release|Any CPU
		{A63E00FF-AE34-43DA-A904-A9B49D21FFBF}.Release|x64.ActiveCfg = Release|Any CPU
		{A63E00FF-AE34-43DA-A904-A9B49D21FFBF}.Release|x64.Build.0 = Release|Any CPU
		{A63E00FF-AE34-43DA-A904-A9B49D21FFBF}.Release|x86.ActiveCfg = Release|Any CPU
		{A63E00FF-AE34-43DA-A904-A9B49D21FFBF}.Release|x86.Build.0 = Release|Any CPU
	EndGlobalSection
	GlobalSection(SolutionProperties) = preSolution
		HideSolutionNode = FALSE
	EndGlobalSection
	GlobalSection(ExtensibilityGlobals) = postSolution
		SolutionGuid = {41BD71F7-3A6E-4B44-9631-8FF3B1A36EE1}
	EndGlobalSection
EndGlobal
